# THIS IS AN AUTOGENERATED FILE. DO NOT EDIT THIS FILE DIRECTLY.
# yarn lockfile v1


thelounge-theme-solarized@1.1.7:
  version "1.1.7"
  resolved "https://registry.yarnpkg.com/thelounge-theme-solarized/-/thelounge-theme-solarized-1.1.7.tgz#876974e0cb47a20df6437f1baee726cb4ef82e41"
  integrity sha512-PAKY3jhczt8nxN1g8xR2xt6mI0dHGk/DvnLfYKL22dyx57oWfYqC0mnpt2WCentZdBuf6eYcUN/EOdE3Ope8gQ==
