# THIS IS AN AUTOGENERATED FILE. DO NOT EDIT THIS FILE DIRECTLY.
# yarn lockfile v1


thelounge-theme-solarized@1.0.40:
  version "1.0.40"
  resolved "https://registry.yarnpkg.com/thelounge-theme-solarized/-/thelounge-theme-solarized-1.0.40.tgz#569b30ede8a3094b21bd14fcd8d4c7655ce5632d"
  integrity sha512-1dKJMDYZObq4irgZu5cawN0DMPFgoHdKWAtE+NslUZuMJSf4myPmDbc87cD/iU+jn2SBC7LwuuNgQok1+V6vGA==
