# THIS IS AN AUTOGENERATED FILE. DO NOT EDIT THIS FILE DIRECTLY.
# yarn lockfile v1


thelounge-theme-solarized@1.1.5:
  version "1.1.5"
  resolved "https://registry.yarnpkg.com/thelounge-theme-solarized/-/thelounge-theme-solarized-1.1.5.tgz#dca228ce29c31dfaa9072aaf5d178e53a94a32cd"
  integrity sha512-62V1jZ1lTxL6xq+87AMco0wuVCYzpmQwTntprnkHOCaZtuI3SVJ7ogsaRscrzqhyA3MMp9tdwDqh8sDccwRdPQ==
